// !$*UTF8*$!
{
	archiveVersion = 1;
	classes = {
	};
	objectVersion = 55;
	objects = {

/* Begin PBXBuildFile section */
		5D60979D27FC1E32003C32BC /* LaunchScreen.storyboard in Resources */ = {isa = PBXBuildFile; fileRef = 5D60979B27FC1E32003C32BC /* LaunchScreen.storyboard */; };
		5D6097A727FC1E69003C32BC /* SceneDelegate.swift in Sources */ = {isa = PBXBuildFile; fileRef = 5D6097A627FC1E69003C32BC /* SceneDelegate.swift */; };
		5D6097AD27FC1E82003C32BC /* ChecklistViewController.swift in Sources */ = {isa = PBXBuildFile; fileRef = 5D6097A927FC1E82003C32BC /* ChecklistViewController.swift */; };
		5D6097AE27FC1E82003C32BC /* ListDetailViewController.swift in Sources */ = {isa = PBXBuildFile; fileRef = 5D6097AA27FC1E82003C32BC /* ListDetailViewController.swift */; };
		5D6097AF27FC1E82003C32BC /* ItemDetailViewController.swift in Sources */ = {isa = PBXBuildFile; fileRef = 5D6097AB27FC1E82003C32BC /* ItemDetailViewController.swift */; };
		5D6097B027FC1E82003C32BC /* AllListsViewController.swift in Sources */ = {isa = PBXBuildFile; fileRef = 5D6097AC27FC1E82003C32BC /* AllListsViewController.swift */; };
		5D6097BC27FC1E9A003C32BC /* Checklist.swift in Sources */ = {isa = PBXBuildFile; fileRef = 5D6097B927FC1E9A003C32BC /* Checklist.swift */; };
		5D6097BD27FC1E9A003C32BC /* DataModel.swift in Sources */ = {isa = PBXBuildFile; fileRef = 5D6097BA27FC1E9A003C32BC /* DataModel.swift */; };
		5D6097BE27FC1E9A003C32BC /* ChecklistItem.swift in Sources */ = {isa = PBXBuildFile; fileRef = 5D6097BB27FC1E9A003C32BC /* ChecklistItem.swift */; };
		5D6097C027FC1EB8003C32BC /* Main.storyboard in Resources */ = {isa = PBXBuildFile; fileRef = 5D6097BF27FC1EB8003C32BC /* Main.storyboard */; };
		5DDE494327FC1FBC00C48B9D /* AppDelegate.swift in Sources */ = {isa = PBXBuildFile; fileRef = 5DDE494227FC1FBC00C48B9D /* AppDelegate.swift */; };
		5DDE494527FC203400C48B9D /* Assets.xcassets in Resources */ = {isa = PBXBuildFile; fileRef = 5DDE494427FC203400C48B9D /* Assets.xcassets */; };
		5DDE494727FC6A8B00C48B9D /* IconPickerViewController.swift in Sources */ = {isa = PBXBuildFile; fileRef = 5DDE494627FC6A8B00C48B9D /* IconPickerViewController.swift */; };
/* End PBXBuildFile section */

/* Begin PBXFileReference section */
		5D60978D27FC1E31003C32BC /* OkLists.app */ = {isa = PBXFileReference; explicitFileType = wrapper.application; includeInIndex = 0; path = OkLists.app; sourceTree = BUILT_PRODUCTS_DIR; };
		5D60979C27FC1E32003C32BC /* Base */ = {isa = PBXFileReference; lastKnownFileType = file.storyboard; name = Base; path = Base.lproj/LaunchScreen.storyboard; sourceTree = "<group>"; };
		5D60979E27FC1E32003C32BC /* Info.plist */ = {isa = PBXFileReference; lastKnownFileType = text.plist.xml; path = Info.plist; sourceTree = "<group>"; };
		5D6097A627FC1E69003C32BC /* SceneDelegate.swift */ = {isa = PBXFileReference; fileEncoding = 4; lastKnownFileType = sourcecode.swift; path = SceneDelegate.swift; sourceTree = "<group>"; };
		5D6097A927FC1E82003C32BC /* ChecklistViewController.swift */ = {isa = PBXFileReference; fileEncoding = 4; lastKnownFileType = sourcecode.swift; path = ChecklistViewController.swift; sourceTree = "<group>"; };
		5D6097AA27FC1E82003C32BC /* ListDetailViewController.swift */ = {isa = PBXFileReference; fileEncoding = 4; lastKnownFileType = sourcecode.swift; path = ListDetailViewController.swift; sourceTree = "<group>"; };
		5D6097AB27FC1E82003C32BC /* ItemDetailViewController.swift */ = {isa = PBXFileReference; fileEncoding = 4; lastKnownFileType = sourcecode.swift; path = ItemDetailViewController.swift; sourceTree = "<group>"; };
		5D6097AC27FC1E82003C32BC /* AllListsViewController.swift */ = {isa = PBXFileReference; fileEncoding = 4; lastKnownFileType = sourcecode.swift; path = AllListsViewController.swift; sourceTree = "<group>"; };
		5D6097B927FC1E9A003C32BC /* Checklist.swift */ = {isa = PBXFileReference; fileEncoding = 4; lastKnownFileType = sourcecode.swift; path = Checklist.swift; sourceTree = "<group>"; };
		5D6097BA27FC1E9A003C32BC /* DataModel.swift */ = {isa = PBXFileReference; fileEncoding = 4; lastKnownFileType = sourcecode.swift; path = DataModel.swift; sourceTree = "<group>"; };
		5D6097BB27FC1E9A003C32BC /* ChecklistItem.swift */ = {isa = PBXFileReference; fileEncoding = 4; lastKnownFileType = sourcecode.swift; path = ChecklistItem.swift; sourceTree = "<group>"; };
		5D6097BF27FC1EB8003C32BC /* Main.storyboard */ = {isa = PBXFileReference; fileEncoding = 4; lastKnownFileType = file.storyboard; path = Main.storyboard; sourceTree = "<group>"; };
		5DDE494227FC1FBC00C48B9D /* AppDelegate.swift */ = {isa = PBXFileReference; fileEncoding = 4; lastKnownFileType = sourcecode.swift; path = AppDelegate.swift; sourceTree = "<group>"; };
		5DDE494427FC203400C48B9D /* Assets.xcassets */ = {isa = PBXFileReference; lastKnownFileType = folder.assetcatalog; path = Assets.xcassets; sourceTree = "<group>"; };
		5DDE494627FC6A8B00C48B9D /* IconPickerViewController.swift */ = {isa = PBXFileReference; lastKnownFileType = sourcecode.swift; path = IconPickerViewController.swift; sourceTree = "<group>"; };
/* End PBXFileReference section */

/* Begin PBXFrameworksBuildPhase section */
		5D60978A27FC1E31003C32BC /* Frameworks */ = {
			isa = PBXFrameworksBuildPhase;
			buildActionMask = 2147483647;
			files = (
			);
			runOnlyForDeploymentPostprocessing = 0;
		};
/* End PBXFrameworksBuildPhase section */

/* Begin PBXGroup section */
		5D60978427FC1E31003C32BC = {
			isa = PBXGroup;
			children = (
				5D60978F27FC1E31003C32BC /* OkLists */,
				5D60978E27FC1E31003C32BC /* Products */,
			);
			sourceTree = "<group>";
		};
		5D60978E27FC1E31003C32BC /* Products */ = {
			isa = PBXGroup;
			children = (
				5D60978D27FC1E31003C32BC /* OkLists.app */,
			);
			name = Products;
			sourceTree = "<group>";
		};
		5D60978F27FC1E31003C32BC /* OkLists */ = {
			isa = PBXGroup;
			children = (
				5DDE494227FC1FBC00C48B9D /* AppDelegate.swift */,
				5D6097A627FC1E69003C32BC /* SceneDelegate.swift */,
				5D6097B827FC1E9A003C32BC /* Models */,
				5D6097A827FC1E82003C32BC /* Controllers */,
				5D6097BF27FC1EB8003C32BC /* Main.storyboard */,
				5DDE494427FC203400C48B9D /* Assets.xcassets */,
				5D60979B27FC1E32003C32BC /* LaunchScreen.storyboard */,
				5D60979E27FC1E32003C32BC /* Info.plist */,
			);
			path = OkLists;
			sourceTree = "<group>";
		};
		5D6097A827FC1E82003C32BC /* Controllers */ = {
			isa = PBXGroup;
			children = (
				5D6097AC27FC1E82003C32BC /* AllListsViewController.swift */,
				5D6097AA27FC1E82003C32BC /* ListDetailViewController.swift */,
				5D6097A927FC1E82003C32BC /* ChecklistViewController.swift */,
				5D6097AB27FC1E82003C32BC /* ItemDetailViewController.swift */,
				5DDE494627FC6A8B00C48B9D /* IconPickerViewController.swift */,
			);
			path = Controllers;
			sourceTree = "<group>";
		};
		5D6097B827FC1E9A003C32BC /* Models */ = {
			isa = PBXGroup;
			children = (
				5D6097B927FC1E9A003C32BC /* Checklist.swift */,
				5D6097BA27FC1E9A003C32BC /* DataModel.swift */,
				5D6097BB27FC1E9A003C32BC /* ChecklistItem.swift */,
			);
			path = Models;
			sourceTree = "<group>";
		};
/* End PBXGroup section */

/* Begin PBXNativeTarget section */
		5D60978C27FC1E31003C32BC /* OkLists */ = {
			isa = PBXNativeTarget;
			buildConfigurationList = 5D6097A127FC1E32003C32BC /* Build configuration list for PBXNativeTarget "OkLists" */;
			buildPhases = (
				5D60978927FC1E31003C32BC /* Sources */,
				5D60978A27FC1E31003C32BC /* Frameworks */,
				5D60978B27FC1E31003C32BC /* Resources */,
			);
			buildRules = (
			);
			dependencies = (
			);
			name = OkLists;
			productName = OkLists;
			productReference = 5D60978D27FC1E31003C32BC /* OkLists.app */;
			productType = "com.apple.product-type.application";
		};
/* End PBXNativeTarget section */

/* Begin PBXProject section */
		5D60978527FC1E31003C32BC /* Project object */ = {
			isa = PBXProject;
			attributes = {
				BuildIndependentTargetsInParallel = 1;
				LastSwiftUpdateCheck = 1330;
				LastUpgradeCheck = 1330;
				TargetAttributes = {
					5D60978C27FC1E31003C32BC = {
						CreatedOnToolsVersion = 13.3;
					};
				};
			};
			buildConfigurationList = 5D60978827FC1E31003C32BC /* Build configuration list for PBXProject "OkLists" */;
			compatibilityVersion = "Xcode 13.0";
			developmentRegion = en;
			hasScannedForEncodings = 0;
			knownRegions = (
				en,
				Base,
			);
			mainGroup = 5D60978427FC1E31003C32BC;
			productRefGroup = 5D60978E27FC1E31003C32BC /* Products */;
			projectDirPath = "";
			projectRoot = "";
			targets = (
				5D60978C27FC1E31003C32BC /* OkLists */,
			);
		};
/* End PBXProject section */

/* Begin PBXResourcesBuildPhase section */
		5D60978B27FC1E31003C32BC /* Resources */ = {
			isa = PBXResourcesBuildPhase;
			buildActionMask = 2147483647;
			files = (
				5D6097C027FC1EB8003C32BC /* Main.storyboard in Resources */,
				5DDE494527FC203400C48B9D /* Assets.xcassets in Resources */,
				5D60979D27FC1E32003C32BC /* LaunchScreen.storyboard in Resources */,
			);
			runOnlyForDeploymentPostprocessing = 0;
		};
/* End PBXResourcesBuildPhase section */

/* Begin PBXSourcesBuildPhase section */
		5D60978927FC1E31003C32BC /* Sources */ = {
			isa = PBXSourcesBuildPhase;
			buildActionMask = 2147483647;
			files = (
				5D6097AF27FC1E82003C32BC /* ItemDetailViewController.swift in Sources */,
				5D6097B027FC1E82003C32BC /* AllListsViewController.swift in Sources */,
				5D6097AD27FC1E82003C32BC /* ChecklistViewController.swift in Sources */,
				5DDE494727FC6A8B00C48B9D /* IconPickerViewController.swift in Sources */,
				5DDE494327FC1FBC00C48B9D /* AppDelegate.swift in Sources */,
				5D6097A727FC1E69003C32BC /* SceneDelegate.swift in Sources */,
				5D6097BD27FC1E9A003C32BC /* DataModel.swift in Sources */,
				5D6097AE27FC1E82003C32BC /* ListDetailViewController.swift in Sources */,
				5D6097BE27FC1E9A003C32BC /* ChecklistItem.swift in Sources */,
				5D6097BC27FC1E9A003C32BC /* Checklist.swift in Sources */,
			);
			runOnlyForDeploymentPostprocessing = 0;
		};
/* End PBXSourcesBuildPhase section */

/* Begin PBXVariantGroup section */
		5D60979B27FC1E32003C32BC /* LaunchScreen.storyboard */ = {
			isa = PBXVariantGroup;
			children = (
				5D60979C27FC1E32003C32BC /* Base */,
			);
			name = LaunchScreen.storyboard;
			sourceTree = "<group>";
		};
/* End PBXVariantGroup section */

/* Begin XCBuildConfiguration section */
		5D60979F27FC1E32003C32BC /* Debug */ = {
			isa = XCBuildConfiguration;
			buildSettings = {
				ALWAYS_SEARCH_USER_PATHS = NO;
				CLANG_ANALYZER_NONNULL = YES;
				CLANG_ANALYZER_NUMBER_OBJECT_CONVERSION = YES_AGGRESSIVE;
				CLANG_CXX_LANGUAGE_STANDARD = "gnu++17";
				CLANG_ENABLE_MODULES = YES;
				CLANG_ENABLE_OBJC_ARC = YES;
				CLANG_ENABLE_OBJC_WEAK = YES;
				CLANG_WARN_BLOCK_CAPTURE_AUTORELEASING = YES;
				CLANG_WARN_BOOL_CONVERSION = YES;
				CLANG_WARN_COMMA = YES;
				CLANG_WARN_CONSTANT_CONVERSION = YES;
				CLANG_WARN_DEPRECATED_OBJC_IMPLEMENTATIONS = YES;
				CLANG_WARN_DIRECT_OBJC_ISA_USAGE = YES_ERROR;
				CLANG_WARN_DOCUMENTATION_COMMENTS = YES;
				CLANG_WARN_EMPTY_BODY = YES;
				CLANG_WARN_ENUM_CONVERSION = YES;
				CLANG_WARN_INFINITE_RECURSION = YES;
				CLANG_WARN_INT_CONVERSION = YES;
				CLANG_WARN_NON_LITERAL_NULL_CONVERSION = YES;
				CLANG_WARN_OBJC_IMPLICIT_RETAIN_SELF = YES;
				CLANG_WARN_OBJC_LITERAL_CONVERSION = YES;
				CLANG_WARN_OBJC_ROOT_CLASS = YES_ERROR;
				CLANG_WARN_QUOTED_INCLUDE_IN_FRAMEWORK_HEADER = YES;
				CLANG_WARN_RANGE_LOOP_ANALYSIS = YES;
				CLANG_WARN_STRICT_PROTOTYPES = YES;
				CLANG_WARN_SUSPICIOUS_MOVE = YES;
				CLANG_WARN_UNGUARDED_AVAILABILITY = YES_AGGRESSIVE;
				CLANG_WARN_UNREACHABLE_CODE = YES;
				CLANG_WARN__DUPLICATE_METHOD_MATCH = YES;
				COPY_PHASE_STRIP = NO;
				DEBUG_INFORMATION_FORMAT = dwarf;
				ENABLE_STRICT_OBJC_MSGSEND = YES;
				ENABLE_TESTABILITY = YES;
				GCC_C_LANGUAGE_STANDARD = gnu11;
				GCC_DYNAMIC_NO_PIC = NO;
				GCC_NO_COMMON_BLOCKS = YES;
				GCC_OPTIMIZATION_LEVEL = 0;
				GCC_PREPROCESSOR_DEFINITIONS = (
					"DEBUG=1",
					"$(inherited)",
				);
				GCC_WARN_64_TO_32_BIT_CONVERSION = YES;
				GCC_WARN_ABOUT_RETURN_TYPE = YES_ERROR;
				GCC_WARN_UNDECLARED_SELECTOR = YES;
				GCC_WARN_UNINITIALIZED_AUTOS = YES_AGGRESSIVE;
				GCC_WARN_UNUSED_FUNCTION = YES;
				GCC_WARN_UNUSED_VARIABLE = YES;
				IPHONEOS_DEPLOYMENT_TARGET = 15.4;
				MTL_ENABLE_DEBUG_INFO = INCLUDE_SOURCE;
				MTL_FAST_MATH = YES;
				ONLY_ACTIVE_ARCH = YES;
				SDKROOT = iphoneos;
				SWIFT_ACTIVE_COMPILATION_CONDITIONS = DEBUG;
				SWIFT_OPTIMIZATION_LEVEL = "-Onone";
			};
			name = Debug;
		};
		5D6097A027FC1E32003C32BC /* Release */ = {
			isa = XCBuildConfiguration;
			buildSettings = {
				ALWAYS_SEARCH_USER_PATHS = NO;
				CLANG_ANALYZER_NONNULL = YES;
				CLANG_ANALYZER_NUMBER_OBJECT_CONVERSION = YES_AGGRESSIVE;
				CLANG_CXX_LANGUAGE_STANDARD = "gnu++17";
				CLANG_ENABLE_MODULES = YES;
				CLANG_ENABLE_OBJC_ARC = YES;
				CLANG_ENABLE_OBJC_WEAK = YES;
				CLANG_WARN_BLOCK_CAPTURE_AUTORELEASING = YES;
				CLANG_WARN_BOOL_CONVERSION = YES;
				CLANG_WARN_COMMA = YES;
				CLANG_WARN_CONSTANT_CONVERSION = YES;
				CLANG_WARN_DEPRECATED_OBJC_IMPLEMENTATIONS = YES;
				CLANG_WARN_DIRECT_OBJC_ISA_USAGE = YES_ERROR;
				CLANG_WARN_DOCUMENTATION_COMMENTS = YES;
				CLANG_WARN_EMPTY_BODY = YES;
				CLANG_WARN_ENUM_CONVERSION = YES;
				CLANG_WARN_INFINITE_RECURSION = YES;
				CLANG_WARN_INT_CONVERSION = YES;
				CLANG_WARN_NON_LITERAL_NULL_CONVERSION = YES;
				CLANG_WARN_OBJC_IMPLICIT_RETAIN_SELF = YES;
				CLANG_WARN_OBJC_LITERAL_CONVERSION = YES;
				CLANG_WARN_OBJC_ROOT_CLASS = YES_ERROR;
				CLANG_WARN_QUOTED_INCLUDE_IN_FRAMEWORK_HEADER = YES;
				CLANG_WARN_RANGE_LOOP_ANALYSIS = YES;
				CLANG_WARN_STRICT_PROTOTYPES = YES;
				CLANG_WARN_SUSPICIOUS_MOVE = YES;
				CLANG_WARN_UNGUARDED_AVAILABILITY = YES_AGGRESSIVE;
				CLANG_WARN_UNREACHABLE_CODE = YES;
				CLANG_WARN__DUPLICATE_METHOD_MATCH = YES;
				COPY_PHASE_STRIP = NO;
				DEBUG_INFORMATION_FORMAT = "dwarf-with-dsym";
				ENABLE_NS_ASSERTIONS = NO;
				ENABLE_STRICT_OBJC_MSGSEND = YES;
				GCC_C_LANGUAGE_STANDARD = gnu11;
				GCC_NO_COMMON_BLOCKS = YES;
				GCC_WARN_64_TO_32_BIT_CONVERSION = YES;
				GCC_WARN_ABOUT_RETURN_TYPE = YES_ERROR;
				GCC_WARN_UNDECLARED_SELECTOR = YES;
				GCC_WARN_UNINITIALIZED_AUTOS = YES_AGGRESSIVE;
				GCC_WARN_UNUSED_FUNCTION = YES;
				GCC_WARN_UNUSED_VARIABLE = YES;
				IPHONEOS_DEPLOYMENT_TARGET = 15.4;
				MTL_ENABLE_DEBUG_INFO = NO;
				MTL_FAST_MATH = YES;
				SDKROOT = iphoneos;
				SWIFT_COMPILATION_MODE = wholemodule;
				SWIFT_OPTIMIZATION_LEVEL = "-O";
				VALIDATE_PRODUCT = YES;
			};
			name = Release;
		};
		5D6097A227FC1E32003C32BC /* Debug */ = {
			isa = XCBuildConfiguration;
			buildSettings = {
				ASSETCATALOG_COMPILER_APPICON_NAME = AppIcon;
				ASSETCATALOG_COMPILER_GLOBAL_ACCENT_COLOR_NAME = AccentColor;
				CODE_SIGN_STYLE = Automatic;
				CURRENT_PROJECT_VERSION = 1;
				DEVELOPMENT_TEAM = 8SYZ47J5TD;
				GENERATE_INFOPLIST_FILE = YES;
				INFOPLIST_FILE = OkLists/Info.plist;
				INFOPLIST_KEY_UIApplicationSupportsIndirectInputEvents = YES;
				INFOPLIST_KEY_UILaunchStoryboardName = LaunchScreen;
				INFOPLIST_KEY_UIMainStoryboardFile = Main;
				INFOPLIST_KEY_UISupportedInterfaceOrientations_iPad = "UIInterfaceOrientationPortrait UIInterfaceOrientationPortraitUpsideDown UIInterfaceOrientationLandscapeLeft UIInterfaceOrientationLandscapeRight";
				INFOPLIST_KEY_UISupportedInterfaceOrientations_iPhone = "UIInterfaceOrientationPortrait UIInterfaceOrientationLandscapeLeft UIInterfaceOrientationLandscapeRight";
				LD_RUNPATH_SEARCH_PATHS = (
					"$(inherited)",
					"@executable_path/Frameworks",
				);
				MARKETING_VERSION = 1.0;
				PRODUCT_BUNDLE_IDENTIFIER = com.yixiao.OkLists;
				PRODUCT_NAME = "$(TARGET_NAME)";
				SWIFT_EMIT_LOC_STRINGS = YES;
				SWIFT_VERSION = 5.0;
				TARGETED_DEVICE_FAMILY = "1,2";
			};
			name = Debug;
		};
		5D6097A327FC1E32003C32BC /* Release */ = {
			isa = XCBuildConfiguration;
			buildSettings = {
				ASSETCATALOG_COMPILER_APPICON_NAME = AppIcon;
				ASSETCATALOG_COMPILER_GLOBAL_ACCENT_COLOR_NAME = AccentColor;
				CODE_SIGN_STYLE = Automatic;
				CURRENT_PROJECT_VERSION = 1;
				DEVELOPMENT_TEAM = 8SYZ47J5TD;
				GENERATE_INFOPLIST_FILE = YES;
				INFOPLIST_FILE = OkLists/Info.plist;
				INFOPLIST_KEY_UIApplicationSupportsIndirectInputEvents = YES;
				INFOPLIST_KEY_UILaunchStoryboardName = LaunchScreen;
				INFOPLIST_KEY_UIMainStoryboardFile = Main;
				INFOPLIST_KEY_UISupportedInterfaceOrientations_iPad = "UIInterfaceOrientationPortrait UIInterfaceOrientationPortraitUpsideDown UIInterfaceOrientationLandscapeLeft UIInterfaceOrientationLandscapeRight";
				INFOPLIST_KEY_UISupportedInterfaceOrientations_iPhone = "UIInterfaceOrientationPortrait UIInterfaceOrientationLandscapeLeft UIInterfaceOrientationLandscapeRight";
				LD_RUNPATH_SEARCH_PATHS = (
					"$(inherited)",
					"@executable_path/Frameworks",
				);
				MARKETING_VERSION = 1.0;
				PRODUCT_BUNDLE_IDENTIFIER = com.yixiao.OkLists;
				PRODUCT_NAME = "$(TARGET_NAME)";
				SWIFT_EMIT_LOC_STRINGS = YES;
				SWIFT_VERSION = 5.0;
				TARGETED_DEVICE_FAMILY = "1,2";
			};
			name = Release;
		};
/* End XCBuildConfiguration section */

/* Begin XCConfigurationList section */
		5D60978827FC1E31003C32BC /* Build configuration list for PBXProject "OkLists" */ = {
			isa = XCConfigurationList;
			buildConfigurations = (
				5D60979F27FC1E32003C32BC /* Debug */,
				5D6097A027FC1E32003C32BC /* Release */,
			);
			defaultConfigurationIsVisible = 0;
			defaultConfigurationName = Release;
		};
		5D6097A127FC1E32003C32BC /* Build configuration list for PBXNativeTarget "OkLists" */ = {
			isa = XCConfigurationList;
			buildConfigurations = (
				5D6097A227FC1E32003C32BC /* Debug */,
				5D6097A327FC1E32003C32BC /* Release */,
			);
			defaultConfigurationIsVisible = 0;
			defaultConfigurationName = Release;
		};
/* End XCConfigurationList section */
	};
	rootObject = 5D60978527FC1E31003C32BC /* Project object */;
}
